// !$*UTF8*$!
{
	archiveVersion = 1;
	classes = {
	};
	objectVersion = 50;
	objects = {

/* Begin PBXBuildFile section */
		A748D73721C469F2001E83DC /* AppDelegate.swift in Sources */ = {isa = PBXBuildFile; fileRef = A748D73621C469F2001E83DC /* AppDelegate.swift */; };
		A748D73C21C469F2001E83DC /* Main.storyboard in Resources */ = {isa = PBXBuildFile; fileRef = A748D73A21C469F2001E83DC /* Main.storyboard */; };
		A748D73E21C469F3001E83DC /* Assets.xcassets in Resources */ = {isa = PBXBuildFile; fileRef = A748D73D21C469F3001E83DC /* Assets.xcassets */; };
		A748D74121C469F3001E83DC /* LaunchScreen.storyboard in Resources */ = {isa = PBXBuildFile; fileRef = A748D73F21C469F3001E83DC /* LaunchScreen.storyboard */; };
		A748D74921C46ED3001E83DC /* QuizVC.swift in Sources */ = {isa = PBXBuildFile; fileRef = A748D74821C46ED3001E83DC /* QuizVC.swift */; };
		A748D75621C47205001E83DC /* QuestionBank.swift in Sources */ = {isa = PBXBuildFile; fileRef = A748D75421C47205001E83DC /* QuestionBank.swift */; };
		A748D75721C47205001E83DC /* Question.swift in Sources */ = {isa = PBXBuildFile; fileRef = A748D75521C47205001E83DC /* Question.swift */; };
		A748D75D21C53F7F001E83DC /* ProgressHUD.m in Sources */ = {isa = PBXBuildFile; fileRef = A748D75B21C53F7F001E83DC /* ProgressHUD.m */; };
		A748D75E21C53F7F001E83DC /* ProgressHUD.bundle in Resources */ = {isa = PBXBuildFile; fileRef = A748D75C21C53F7F001E83DC /* ProgressHUD.bundle */; };
		A748D76021C54137001E83DC /* QuestionBankRettonaut.swift in Sources */ = {isa = PBXBuildFile; fileRef = A748D75F21C54137001E83DC /* QuestionBankRettonaut.swift */; };
		A748D77421C929C4001E83DC /* QuestionJson1.swift in Sources */ = {isa = PBXBuildFile; fileRef = A748D77321C929C4001E83DC /* QuestionJson1.swift */; };
		A748D77621C92BD0001E83DC /* QuestionBankJson1.swift in Sources */ = {isa = PBXBuildFile; fileRef = A748D77521C92BD0001E83DC /* QuestionBankJson1.swift */; };
/* End PBXBuildFile section */

/* Begin PBXFileReference section */
		A748D73321C469F2001E83DC /* FunktionLernmodus.app */ = {isa = PBXFileReference; explicitFileType = wrapper.application; includeInIndex = 0; path = FunktionLernmodus.app; sourceTree = BUILT_PRODUCTS_DIR; };
		A748D73621C469F2001E83DC /* AppDelegate.swift */ = {isa = PBXFileReference; lastKnownFileType = sourcecode.swift; path = AppDelegate.swift; sourceTree = "<group>"; };
		A748D73B21C469F2001E83DC /* Base */ = {isa = PBXFileReference; lastKnownFileType = file.storyboard; name = Base; path = Base.lproj/Main.storyboard; sourceTree = "<group>"; };
		A748D73D21C469F3001E83DC /* Assets.xcassets */ = {isa = PBXFileReference; lastKnownFileType = folder.assetcatalog; path = Assets.xcassets; sourceTree = "<group>"; };
		A748D74021C469F3001E83DC /* Base */ = {isa = PBXFileReference; lastKnownFileType = file.storyboard; name = Base; path = Base.lproj/LaunchScreen.storyboard; sourceTree = "<group>"; };
		A748D74221C469F3001E83DC /* Info.plist */ = {isa = PBXFileReference; lastKnownFileType = text.plist.xml; path = Info.plist; sourceTree = "<group>"; };
		A748D74821C46ED3001E83DC /* QuizVC.swift */ = {isa = PBXFileReference; lastKnownFileType = sourcecode.swift; path = QuizVC.swift; sourceTree = "<group>"; };
		A748D75421C47205001E83DC /* QuestionBank.swift */ = {isa = PBXFileReference; fileEncoding = 4; lastKnownFileType = sourcecode.swift; path = QuestionBank.swift; sourceTree = "<group>"; };
		A748D75521C47205001E83DC /* Question.swift */ = {isa = PBXFileReference; fileEncoding = 4; lastKnownFileType = sourcecode.swift; path = Question.swift; sourceTree = "<group>"; };
		A748D75921C53F7E001E83DC /* FunktionLernmodus-Bridging-Header.h */ = {isa = PBXFileReference; lastKnownFileType = sourcecode.c.h; path = "FunktionLernmodus-Bridging-Header.h"; sourceTree = "<group>"; };
		A748D75A21C53F7F001E83DC /* ProgressHUD.h */ = {isa = PBXFileReference; fileEncoding = 4; lastKnownFileType = sourcecode.c.h; path = ProgressHUD.h; sourceTree = "<group>"; };
		A748D75B21C53F7F001E83DC /* ProgressHUD.m */ = {isa = PBXFileReference; fileEncoding = 4; lastKnownFileType = sourcecode.c.objc; path = ProgressHUD.m; sourceTree = "<group>"; };
		A748D75C21C53F7F001E83DC /* ProgressHUD.bundle */ = {isa = PBXFileReference; lastKnownFileType = "wrapper.plug-in"; path = ProgressHUD.bundle; sourceTree = "<group>"; };
		A748D75F21C54137001E83DC /* QuestionBankRettonaut.swift */ = {isa = PBXFileReference; lastKnownFileType = sourcecode.swift; path = QuestionBankRettonaut.swift; sourceTree = "<group>"; };
		A748D77321C929C4001E83DC /* QuestionJson1.swift */ = {isa = PBXFileReference; lastKnownFileType = sourcecode.swift; path = QuestionJson1.swift; sourceTree = "<group>"; };
		A748D77521C92BD0001E83DC /* QuestionBankJson1.swift */ = {isa = PBXFileReference; lastKnownFileType = sourcecode.swift; path = QuestionBankJson1.swift; sourceTree = "<group>"; };
/* End PBXFileReference section */

/* Begin PBXFrameworksBuildPhase section */
		A748D73021C469F2001E83DC /* Frameworks */ = {
			isa = PBXFrameworksBuildPhase;
			buildActionMask = 2147483647;
			files = (
			);
			runOnlyForDeploymentPostprocessing = 0;
		};
/* End PBXFrameworksBuildPhase section */

/* Begin PBXGroup section */
		A748D72A21C469F2001E83DC = {
			isa = PBXGroup;
			children = (
				A748D73521C469F2001E83DC /* FunktionLernmodus */,
				A748D73421C469F2001E83DC /* Products */,
			);
			sourceTree = "<group>";
		};
		A748D73421C469F2001E83DC /* Products */ = {
			isa = PBXGroup;
			children = (
				A748D73321C469F2001E83DC /* FunktionLernmodus.app */,
			);
			name = Products;
			sourceTree = "<group>";
		};
		A748D73521C469F2001E83DC /* FunktionLernmodus */ = {
			isa = PBXGroup;
			children = (
				A748D73621C469F2001E83DC /* AppDelegate.swift */,
				A748D75821C47257001E83DC /* Modals */,
				A748D74E21C4703B001E83DC /* Controllers */,
				A748D76221C55AA3001E83DC /* Views */,
				A748D74221C469F3001E83DC /* Info.plist */,
				A748D75C21C53F7F001E83DC /* ProgressHUD.bundle */,
				A748D75A21C53F7F001E83DC /* ProgressHUD.h */,
				A748D75B21C53F7F001E83DC /* ProgressHUD.m */,
				A748D75921C53F7E001E83DC /* FunktionLernmodus-Bridging-Header.h */,
			);
			path = FunktionLernmodus;
			sourceTree = "<group>";
		};
		A748D74E21C4703B001E83DC /* Controllers */ = {
			isa = PBXGroup;
			children = (
				A748D74821C46ED3001E83DC /* QuizVC.swift */,
			);
			path = Controllers;
			sourceTree = "<group>";
		};
		A748D75821C47257001E83DC /* Modals */ = {
			isa = PBXGroup;
			children = (
				A748D75521C47205001E83DC /* Question.swift */,
				A748D75421C47205001E83DC /* QuestionBank.swift */,
				A748D75F21C54137001E83DC /* QuestionBankRettonaut.swift */,
				A751C34B21DF7BC200FE0A37 /* trashable */,
			);
			path = Modals;
			sourceTree = "<group>";
		};
		A748D76221C55AA3001E83DC /* Views */ = {
			isa = PBXGroup;
			children = (
				A748D73A21C469F2001E83DC /* Main.storyboard */,
				A748D73D21C469F3001E83DC /* Assets.xcassets */,
				A748D73F21C469F3001E83DC /* LaunchScreen.storyboard */,
			);
			path = Views;
			sourceTree = "<group>";
		};
		A751C34B21DF7BC200FE0A37 /* trashable */ = {
			isa = PBXGroup;
			children = (
				A748D77321C929C4001E83DC /* QuestionJson1.swift */,
				A748D77521C92BD0001E83DC /* QuestionBankJson1.swift */,
			);
			path = trashable;
			sourceTree = "<group>";
		};
/* End PBXGroup section */

/* Begin PBXNativeTarget section */
		A748D73221C469F2001E83DC /* FunktionLernmodus */ = {
			isa = PBXNativeTarget;
			buildConfigurationList = A748D74521C469F3001E83DC /* Build configuration list for PBXNativeTarget "FunktionLernmodus" */;
			buildPhases = (
				A748D72F21C469F2001E83DC /* Sources */,
				A748D73021C469F2001E83DC /* Frameworks */,
				A748D73121C469F2001E83DC /* Resources */,
			);
			buildRules = (
			);
			dependencies = (
			);
			name = FunktionLernmodus;
			productName = FunktionLernmodus;
			productReference = A748D73321C469F2001E83DC /* FunktionLernmodus.app */;
			productType = "com.apple.product-type.application";
		};
/* End PBXNativeTarget section */

/* Begin PBXProject section */
		A748D72B21C469F2001E83DC /* Project object */ = {
			isa = PBXProject;
			attributes = {
				LastSwiftUpdateCheck = 1010;
				LastUpgradeCheck = 1010;
				ORGANIZATIONNAME = Novaheal;
				TargetAttributes = {
					A748D73221C469F2001E83DC = {
						CreatedOnToolsVersion = 10.1;
						LastSwiftMigration = 1010;
					};
				};
			};
			buildConfigurationList = A748D72E21C469F2001E83DC /* Build configuration list for PBXProject "FunktionLernmodus" */;
			compatibilityVersion = "Xcode 9.3";
			developmentRegion = en;
			hasScannedForEncodings = 0;
			knownRegions = (
				en,
				Base,
			);
			mainGroup = A748D72A21C469F2001E83DC;
			productRefGroup = A748D73421C469F2001E83DC /* Products */;
			projectDirPath = "";
			projectRoot = "";
			targets = (
				A748D73221C469F2001E83DC /* FunktionLernmodus */,
			);
		};
/* End PBXProject section */

/* Begin PBXResourcesBuildPhase section */
		A748D73121C469F2001E83DC /* Resources */ = {
			isa = PBXResourcesBuildPhase;
			buildActionMask = 2147483647;
			files = (
				A748D75E21C53F7F001E83DC /* ProgressHUD.bundle in Resources */,
				A748D74121C469F3001E83DC /* LaunchScreen.storyboard in Resources */,
				A748D73E21C469F3001E83DC /* Assets.xcassets in Resources */,
				A748D73C21C469F2001E83DC /* Main.storyboard in Resources */,
			);
			runOnlyForDeploymentPostprocessing = 0;
		};
/* End PBXResourcesBuildPhase section */

/* Begin PBXSourcesBuildPhase section */
		A748D72F21C469F2001E83DC /* Sources */ = {
			isa = PBXSourcesBuildPhase;
			buildActionMask = 2147483647;
			files = (
				A748D76021C54137001E83DC /* QuestionBankRettonaut.swift in Sources */,
				A748D77621C92BD0001E83DC /* QuestionBankJson1.swift in Sources */,
				A748D73721C469F2001E83DC /* AppDelegate.swift in Sources */,
				A748D75721C47205001E83DC /* Question.swift in Sources */,
				A748D75D21C53F7F001E83DC /* ProgressHUD.m in Sources */,
				A748D74921C46ED3001E83DC /* QuizVC.swift in Sources */,
				A748D75621C47205001E83DC /* QuestionBank.swift in Sources */,
				A748D77421C929C4001E83DC /* QuestionJson1.swift in Sources */,
			);
			runOnlyForDeploymentPostprocessing = 0;
		};
/* End PBXSourcesBuildPhase section */

/* Begin PBXVariantGroup section */
		A748D73A21C469F2001E83DC /* Main.storyboard */ = {
			isa = PBXVariantGroup;
			children = (
				A748D73B21C469F2001E83DC /* Base */,
			);
			name = Main.storyboard;
			sourceTree = "<group>";
		};
		A748D73F21C469F3001E83DC /* LaunchScreen.storyboard */ = {
			isa = PBXVariantGroup;
			children = (
				A748D74021C469F3001E83DC /* Base */,
			);
			name = LaunchScreen.storyboard;
			sourceTree = "<group>";
		};
/* End PBXVariantGroup section */

/* Begin XCBuildConfiguration section */
		A748D74321C469F3001E83DC /* Debug */ = {
			isa = XCBuildConfiguration;
			buildSettings = {
				ALWAYS_SEARCH_USER_PATHS = NO;
				CLANG_ANALYZER_NONNULL = YES;
				CLANG_ANALYZER_NUMBER_OBJECT_CONVERSION = YES_AGGRESSIVE;
				CLANG_CXX_LANGUAGE_STANDARD = "gnu++14";
				CLANG_CXX_LIBRARY = "libc++";
				CLANG_ENABLE_MODULES = YES;
				CLANG_ENABLE_OBJC_ARC = YES;
				CLANG_ENABLE_OBJC_WEAK = YES;
				CLANG_WARN_BLOCK_CAPTURE_AUTORELEASING = YES;
				CLANG_WARN_BOOL_CONVERSION = YES;
				CLANG_WARN_COMMA = YES;
				CLANG_WARN_CONSTANT_CONVERSION = YES;
				CLANG_WARN_DEPRECATED_OBJC_IMPLEMENTATIONS = YES;
				CLANG_WARN_DIRECT_OBJC_ISA_USAGE = YES_ERROR;
				CLANG_WARN_DOCUMENTATION_COMMENTS = YES;
				CLANG_WARN_EMPTY_BODY = YES;
				CLANG_WARN_ENUM_CONVERSION = YES;
				CLANG_WARN_INFINITE_RECURSION = YES;
				CLANG_WARN_INT_CONVERSION = YES;
				CLANG_WARN_NON_LITERAL_NULL_CONVERSION = YES;
				CLANG_WARN_OBJC_IMPLICIT_RETAIN_SELF = YES;
				CLANG_WARN_OBJC_LITERAL_CONVERSION = YES;
				CLANG_WARN_OBJC_ROOT_CLASS = YES_ERROR;
				CLANG_WARN_RANGE_LOOP_ANALYSIS = YES;
				CLANG_WARN_STRICT_PROTOTYPES = YES;
				CLANG_WARN_SUSPICIOUS_MOVE = YES;
				CLANG_WARN_UNGUARDED_AVAILABILITY = YES_AGGRESSIVE;
				CLANG_WARN_UNREACHABLE_CODE = YES;
				CLANG_WARN__DUPLICATE_METHOD_MATCH = YES;
				CODE_SIGN_IDENTITY = "iPhone Developer";
				COPY_PHASE_STRIP = NO;
				DEBUG_INFORMATION_FORMAT = dwarf;
				ENABLE_STRICT_OBJC_MSGSEND = YES;
				ENABLE_TESTABILITY = YES;
				GCC_C_LANGUAGE_STANDARD = gnu11;
				GCC_DYNAMIC_NO_PIC = NO;
				GCC_NO_COMMON_BLOCKS = YES;
				GCC_OPTIMIZATION_LEVEL = 0;
				GCC_PREPROCESSOR_DEFINITIONS = (
					"DEBUG=1",
					"$(inherited)",
				);
				GCC_WARN_64_TO_32_BIT_CONVERSION = YES;
				GCC_WARN_ABOUT_RETURN_TYPE = YES_ERROR;
				GCC_WARN_UNDECLARED_SELECTOR = YES;
				GCC_WARN_UNINITIALIZED_AUTOS = YES_AGGRESSIVE;
				GCC_WARN_UNUSED_FUNCTION = YES;
				GCC_WARN_UNUSED_VARIABLE = YES;
				IPHONEOS_DEPLOYMENT_TARGET = 12.1;
				MTL_ENABLE_DEBUG_INFO = INCLUDE_SOURCE;
				MTL_FAST_MATH = YES;
				ONLY_ACTIVE_ARCH = YES;
				SDKROOT = iphoneos;
				SWIFT_ACTIVE_COMPILATION_CONDITIONS = DEBUG;
				SWIFT_OPTIMIZATION_LEVEL = "-Onone";
			};
			name = Debug;
		};
		A748D74421C469F3001E83DC /* Release */ = {
			isa = XCBuildConfiguration;
			buildSettings = {
				ALWAYS_SEARCH_USER_PATHS = NO;
				CLANG_ANALYZER_NONNULL = YES;
				CLANG_ANALYZER_NUMBER_OBJECT_CONVERSION = YES_AGGRESSIVE;
				CLANG_CXX_LANGUAGE_STANDARD = "gnu++14";
				CLANG_CXX_LIBRARY = "libc++";
				CLANG_ENABLE_MODULES = YES;
				CLANG_ENABLE_OBJC_ARC = YES;
				CLANG_ENABLE_OBJC_WEAK = YES;
				CLANG_WARN_BLOCK_CAPTURE_AUTORELEASING = YES;
				CLANG_WARN_BOOL_CONVERSION = YES;
				CLANG_WARN_COMMA = YES;
				CLANG_WARN_CONSTANT_CONVERSION = YES;
				CLANG_WARN_DEPRECATED_OBJC_IMPLEMENTATIONS = YES;
				CLANG_WARN_DIRECT_OBJC_ISA_USAGE = YES_ERROR;
				CLANG_WARN_DOCUMENTATION_COMMENTS = YES;
				CLANG_WARN_EMPTY_BODY = YES;
				CLANG_WARN_ENUM_CONVERSION = YES;
				CLANG_WARN_INFINITE_RECURSION = YES;
				CLANG_WARN_INT_CONVERSION = YES;
				CLANG_WARN_NON_LITERAL_NULL_CONVERSION = YES;
				CLANG_WARN_OBJC_IMPLICIT_RETAIN_SELF = YES;
				CLANG_WARN_OBJC_LITERAL_CONVERSION = YES;
				CLANG_WARN_OBJC_ROOT_CLASS = YES_ERROR;
				CLANG_WARN_RANGE_LOOP_ANALYSIS = YES;
				CLANG_WARN_STRICT_PROTOTYPES = YES;
				CLANG_WARN_SUSPICIOUS_MOVE = YES;
				CLANG_WARN_UNGUARDED_AVAILABILITY = YES_AGGRESSIVE;
				CLANG_WARN_UNREACHABLE_CODE = YES;
				CLANG_WARN__DUPLICATE_METHOD_MATCH = YES;
				CODE_SIGN_IDENTITY = "iPhone Developer";
				COPY_PHASE_STRIP = NO;
				DEBUG_INFORMATION_FORMAT = "dwarf-with-dsym";
				ENABLE_NS_ASSERTIONS = NO;
				ENABLE_STRICT_OBJC_MSGSEND = YES;
				GCC_C_LANGUAGE_STANDARD = gnu11;
				GCC_NO_COMMON_BLOCKS = YES;
				GCC_WARN_64_TO_32_BIT_CONVERSION = YES;
				GCC_WARN_ABOUT_RETURN_TYPE = YES_ERROR;
				GCC_WARN_UNDECLARED_SELECTOR = YES;
				GCC_WARN_UNINITIALIZED_AUTOS = YES_AGGRESSIVE;
				GCC_WARN_UNUSED_FUNCTION = YES;
				GCC_WARN_UNUSED_VARIABLE = YES;
				IPHONEOS_DEPLOYMENT_TARGET = 12.1;
				MTL_ENABLE_DEBUG_INFO = NO;
				MTL_FAST_MATH = YES;
				SDKROOT = iphoneos;
				SWIFT_COMPILATION_MODE = wholemodule;
				SWIFT_OPTIMIZATION_LEVEL = "-O";
				VALIDATE_PRODUCT = YES;
			};
			name = Release;
		};
		A748D74621C469F3001E83DC /* Debug */ = {
			isa = XCBuildConfiguration;
			buildSettings = {
				ASSETCATALOG_COMPILER_APPICON_NAME = AppIcon;
				CLANG_ENABLE_MODULES = YES;
				CODE_SIGN_STYLE = Automatic;
				DEVELOPMENT_TEAM = YTABFG9LEP;
				INFOPLIST_FILE = FunktionLernmodus/Info.plist;
				LD_RUNPATH_SEARCH_PATHS = (
					"$(inherited)",
					"@executable_path/Frameworks",
				);
				PRODUCT_BUNDLE_IDENTIFIER = com..FunktionLernmodus;
				PRODUCT_NAME = "$(TARGET_NAME)";
				SWIFT_OBJC_BRIDGING_HEADER = "FunktionLernmodus/FunktionLernmodus-Bridging-Header.h";
				SWIFT_OPTIMIZATION_LEVEL = "-Onone";
				SWIFT_VERSION = 4.2;
				TARGETED_DEVICE_FAMILY = "1,2";
			};
			name = Debug;
		};
		A748D74721C469F3001E83DC /* Release */ = {
			isa = XCBuildConfiguration;
			buildSettings = {
				ASSETCATALOG_COMPILER_APPICON_NAME = AppIcon;
				CLANG_ENABLE_MODULES = YES;
				CODE_SIGN_STYLE = Automatic;
				DEVELOPMENT_TEAM = YTABFG9LEP;
				INFOPLIST_FILE = FunktionLernmodus/Info.plist;
				LD_RUNPATH_SEARCH_PATHS = (
					"$(inherited)",
					"@executable_path/Frameworks",
				);
				PRODUCT_BUNDLE_IDENTIFIER = com..FunktionLernmodus;
				PRODUCT_NAME = "$(TARGET_NAME)";
				SWIFT_OBJC_BRIDGING_HEADER = "FunktionLernmodus/FunktionLernmodus-Bridging-Header.h";
				SWIFT_VERSION = 4.2;
				TARGETED_DEVICE_FAMILY = "1,2";
			};
			name = Release;
		};
/* End XCBuildConfiguration section */

/* Begin XCConfigurationList section */
		A748D72E21C469F2001E83DC /* Build configuration list for PBXProject "FunktionLernmodus" */ = {
			isa = XCConfigurationList;
			buildConfigurations = (
				A748D74321C469F3001E83DC /* Debug */,
				A748D74421C469F3001E83DC /* Release */,
			);
			defaultConfigurationIsVisible = 0;
			defaultConfigurationName = Release;
		};
		A748D74521C469F3001E83DC /* Build configuration list for PBXNativeTarget "FunktionLernmodus" */ = {
			isa = XCConfigurationList;
			buildConfigurations = (
				A748D74621C469F3001E83DC /* Debug */,
				A748D74721C469F3001E83DC /* Release */,
			);
			defaultConfigurationIsVisible = 0;
			defaultConfigurationName = Release;
		};
/* End XCConfigurationList section */
	};
	rootObject = A748D72B21C469F2001E83DC /* Project object */;
}
